// !$*UTF8*$!
{
	archiveVersion = 1;
	classes = {
	};
	objectVersion = 77;
	objects = {

/* Begin PBXBuildFile section */
		9B6DD4C32CD976A700BDDCCD /* LiveActivityUI in Frameworks */ = {isa = PBXBuildFile; productRef = 9B6DD4C22CD976A700BDDCCD /* LiveActivityUI */; };
		9B7C70FC2CD970400010A831 /* README.md in Resources */ = {isa = PBXBuildFile; fileRef = 9B7C70FB2CD9703D0010A831 /* README.md */; };
		9B97F6DB2CCC3B08003EFF87 /* WidgetKit.framework in Frameworks */ = {isa = PBXBuildFile; fileRef = 9B97F6DA2CCC3B08003EFF87 /* WidgetKit.framework */; };
		9B97F6DD2CCC3B08003EFF87 /* SwiftUI.framework in Frameworks */ = {isa = PBXBuildFile; fileRef = 9B97F6DC2CCC3B08003EFF87 /* SwiftUI.framework */; };
		9B97F6EA2CCC3B09003EFF87 /* DemoWidgetsExtension.appex in Embed Foundation Extensions */ = {isa = PBXBuildFile; fileRef = 9B97F6D82CCC3B08003EFF87 /* DemoWidgetsExtension.appex */; settings = {ATTRIBUTES = (RemoveHeadersOnCopy, ); }; };
		9B97F6F42CCC3BB7003EFF87 /* LiveActivityContent in Frameworks */ = {isa = PBXBuildFile; productRef = 9B97F6F32CCC3BB7003EFF87 /* LiveActivityContent */; };
		9B97F6F62CCC3BBB003EFF87 /* LiveActivityContent in Frameworks */ = {isa = PBXBuildFile; productRef = 9B97F6F52CCC3BBB003EFF87 /* LiveActivityContent */; };
		9BFE1ADC2CD9774F00BA7FA8 /* LiveActivityUI in Frameworks */ = {isa = PBXBuildFile; productRef = 9BFE1ADB2CD9774F00BA7FA8 /* LiveActivityUI */; };
/* End PBXBuildFile section */

/* Begin PBXContainerItemProxy section */
		9B810FBE2CCC39DE0069B1DA /* PBXContainerItemProxy */ = {
			isa = PBXContainerItemProxy;
			containerPortal = 9B810FA52CCC39DD0069B1DA /* Project object */;
			proxyType = 1;
			remoteGlobalIDString = 9B810FAC2CCC39DD0069B1DA;
			remoteInfo = LiveActivityDemo;
		};
		9B97F6E82CCC3B09003EFF87 /* PBXContainerItemProxy */ = {
			isa = PBXContainerItemProxy;
			containerPortal = 9B810FA52CCC39DD0069B1DA /* Project object */;
			proxyType = 1;
			remoteGlobalIDString = 9B97F6D72CCC3B08003EFF87;
			remoteInfo = DemoWidgetsExtension;
		};
/* End PBXContainerItemProxy section */

/* Begin PBXCopyFilesBuildPhase section */
		9B97F6EB2CCC3B09003EFF87 /* Embed Foundation Extensions */ = {
			isa = PBXCopyFilesBuildPhase;
			buildActionMask = 2147483647;
			dstPath = "";
			dstSubfolderSpec = 13;
			files = (
				9B97F6EA2CCC3B09003EFF87 /* DemoWidgetsExtension.appex in Embed Foundation Extensions */,
			);
			name = "Embed Foundation Extensions";
			runOnlyForDeploymentPostprocessing = 0;
		};
/* End PBXCopyFilesBuildPhase section */

/* Begin PBXFileReference section */
		9B6DD4C12CD9762700BDDCCD /* LiveActivityUI */ = {isa = PBXFileReference; lastKnownFileType = wrapper; path = LiveActivityUI; sourceTree = "<group>"; };
		9B7C70FA2CD96CD90010A831 /* JSONPayload */ = {isa = PBXFileReference; lastKnownFileType = wrapper; path = JSONPayload; sourceTree = "<group>"; };
		9B7C70FB2CD9703D0010A831 /* README.md */ = {isa = PBXFileReference; lastKnownFileType = net.daringfireball.markdown; path = README.md; sourceTree = "<group>"; };
		9B810FAD2CCC39DD0069B1DA /* LiveActivityDemo.app */ = {isa = PBXFileReference; explicitFileType = wrapper.application; includeInIndex = 0; path = LiveActivityDemo.app; sourceTree = BUILT_PRODUCTS_DIR; };
		9B810FBD2CCC39DE0069B1DA /* LiveActivityDemoTests.xctest */ = {isa = PBXFileReference; explicitFileType = wrapper.cfbundle; includeInIndex = 0; path = LiveActivityDemoTests.xctest; sourceTree = BUILT_PRODUCTS_DIR; };
		9B97F6D82CCC3B08003EFF87 /* DemoWidgetsExtension.appex */ = {isa = PBXFileReference; explicitFileType = "wrapper.app-extension"; includeInIndex = 0; path = DemoWidgetsExtension.appex; sourceTree = BUILT_PRODUCTS_DIR; };
		9B97F6DA2CCC3B08003EFF87 /* WidgetKit.framework */ = {isa = PBXFileReference; lastKnownFileType = wrapper.framework; name = WidgetKit.framework; path = System/Library/Frameworks/WidgetKit.framework; sourceTree = SDKROOT; };
		9B97F6DC2CCC3B08003EFF87 /* SwiftUI.framework */ = {isa = PBXFileReference; lastKnownFileType = wrapper.framework; name = SwiftUI.framework; path = System/Library/Frameworks/SwiftUI.framework; sourceTree = SDKROOT; };
		9B97F6F22CCC3B8D003EFF87 /* LiveActivityContent */ = {isa = PBXFileReference; lastKnownFileType = wrapper; path = LiveActivityContent; sourceTree = "<group>"; };
/* End PBXFileReference section */

/* Begin PBXFileSystemSynchronizedBuildFileExceptionSet section */
		9B390A8A2CCD540900F96E83 /* Exceptions for "DemoWidgets" folder in "LiveActivityDemo" target */ = {
			isa = PBXFileSystemSynchronizedBuildFileExceptionSet;
			membershipExceptions = (
				LiveActivities/ScoreActivity/MatchScoreLiveActivity.swift,
			);
			target = 9B810FAC2CCC39DD0069B1DA /* LiveActivityDemo */;
		};
		9B97F6EE2CCC3B09003EFF87 /* Exceptions for "DemoWidgets" folder in "DemoWidgetsExtension" target */ = {
			isa = PBXFileSystemSynchronizedBuildFileExceptionSet;
			membershipExceptions = (
				Resources/Info.plist,
			);
			target = 9B97F6D72CCC3B08003EFF87 /* DemoWidgetsExtension */;
		};
/* End PBXFileSystemSynchronizedBuildFileExceptionSet section */

/* Begin PBXFileSystemSynchronizedRootGroup section */
		9B810FAF2CCC39DD0069B1DA /* LiveActivityDemo */ = {
			isa = PBXFileSystemSynchronizedRootGroup;
			path = LiveActivityDemo;
			sourceTree = "<group>";
		};
		9B810FC02CCC39DE0069B1DA /* LiveActivityDemoTests */ = {
			isa = PBXFileSystemSynchronizedRootGroup;
			path = LiveActivityDemoTests;
			sourceTree = "<group>";
		};
		9B97F6DE2CCC3B08003EFF87 /* DemoWidgets */ = {
			isa = PBXFileSystemSynchronizedRootGroup;
			exceptions = (
				9B390A8A2CCD540900F96E83 /* Exceptions for "DemoWidgets" folder in "LiveActivityDemo" target */,
				9B97F6EE2CCC3B09003EFF87 /* Exceptions for "DemoWidgets" folder in "DemoWidgetsExtension" target */,
			);
			path = DemoWidgets;
			sourceTree = "<group>";
		};
/* End PBXFileSystemSynchronizedRootGroup section */

/* Begin PBXFrameworksBuildPhase section */
		9B810FAA2CCC39DD0069B1DA /* Frameworks */ = {
			isa = PBXFrameworksBuildPhase;
			buildActionMask = 2147483647;
			files = (
				9B97F6F42CCC3BB7003EFF87 /* LiveActivityContent in Frameworks */,
				9BFE1ADC2CD9774F00BA7FA8 /* LiveActivityUI in Frameworks */,
			);
			runOnlyForDeploymentPostprocessing = 0;
		};
		9B810FBA2CCC39DE0069B1DA /* Frameworks */ = {
			isa = PBXFrameworksBuildPhase;
			buildActionMask = 2147483647;
			files = (
			);
			runOnlyForDeploymentPostprocessing = 0;
		};
		9B97F6D52CCC3B08003EFF87 /* Frameworks */ = {
			isa = PBXFrameworksBuildPhase;
			buildActionMask = 2147483647;
			files = (
				9B97F6DD2CCC3B08003EFF87 /* SwiftUI.framework in Frameworks */,
				9B6DD4C32CD976A700BDDCCD /* LiveActivityUI in Frameworks */,
				9B97F6F62CCC3BBB003EFF87 /* LiveActivityContent in Frameworks */,
				9B97F6DB2CCC3B08003EFF87 /* WidgetKit.framework in Frameworks */,
			);
			runOnlyForDeploymentPostprocessing = 0;
		};
/* End PBXFrameworksBuildPhase section */

/* Begin PBXGroup section */
		9B810FA42CCC39DD0069B1DA = {
			isa = PBXGroup;
			children = (
				9B7C70FB2CD9703D0010A831 /* README.md */,
				9B7C70FA2CD96CD90010A831 /* JSONPayload */,
				9B97F6F22CCC3B8D003EFF87 /* LiveActivityContent */,
				9B6DD4C12CD9762700BDDCCD /* LiveActivityUI */,
				9B810FAF2CCC39DD0069B1DA /* LiveActivityDemo */,
				9B810FC02CCC39DE0069B1DA /* LiveActivityDemoTests */,
				9B97F6DE2CCC3B08003EFF87 /* DemoWidgets */,
				9B810FAE2CCC39DD0069B1DA /* Products */,
				9B97F6D92CCC3B08003EFF87 /* Frameworks */,
			);
			sourceTree = "<group>";
		};
		9B810FAE2CCC39DD0069B1DA /* Products */ = {
			isa = PBXGroup;
			children = (
				9B810FAD2CCC39DD0069B1DA /* LiveActivityDemo.app */,
				9B810FBD2CCC39DE0069B1DA /* LiveActivityDemoTests.xctest */,
				9B97F6D82CCC3B08003EFF87 /* DemoWidgetsExtension.appex */,
			);
			name = Products;
			sourceTree = "<group>";
		};
		9B97F6D92CCC3B08003EFF87 /* Frameworks */ = {
			isa = PBXGroup;
			children = (
				9B97F6DA2CCC3B08003EFF87 /* WidgetKit.framework */,
				9B97F6DC2CCC3B08003EFF87 /* SwiftUI.framework */,
			);
			name = Frameworks;
			sourceTree = "<group>";
		};
/* End PBXGroup section */

/* Begin PBXNativeTarget section */
		9B810FAC2CCC39DD0069B1DA /* LiveActivityDemo */ = {
			isa = PBXNativeTarget;
			buildConfigurationList = 9B810FD12CCC39DE0069B1DA /* Build configuration list for PBXNativeTarget "LiveActivityDemo" */;
			buildPhases = (
				9B810FA92CCC39DD0069B1DA /* Sources */,
				9B810FAA2CCC39DD0069B1DA /* Frameworks */,
				9B810FAB2CCC39DD0069B1DA /* Resources */,
				9B97F6EB2CCC3B09003EFF87 /* Embed Foundation Extensions */,
			);
			buildRules = (
			);
			dependencies = (
				9B97F6E92CCC3B09003EFF87 /* PBXTargetDependency */,
			);
			fileSystemSynchronizedGroups = (
				9B810FAF2CCC39DD0069B1DA /* LiveActivityDemo */,
			);
			name = LiveActivityDemo;
			packageProductDependencies = (
				9B97F6F32CCC3BB7003EFF87 /* LiveActivityContent */,
				9BFE1ADB2CD9774F00BA7FA8 /* LiveActivityUI */,
			);
			productName = LiveActivityDemo;
			productReference = 9B810FAD2CCC39DD0069B1DA /* LiveActivityDemo.app */;
			productType = "com.apple.product-type.application";
		};
		9B810FBC2CCC39DE0069B1DA /* LiveActivityDemoTests */ = {
			isa = PBXNativeTarget;
			buildConfigurationList = 9B810FD42CCC39DE0069B1DA /* Build configuration list for PBXNativeTarget "LiveActivityDemoTests" */;
			buildPhases = (
				9B810FB92CCC39DE0069B1DA /* Sources */,
				9B810FBA2CCC39DE0069B1DA /* Frameworks */,
				9B810FBB2CCC39DE0069B1DA /* Resources */,
			);
			buildRules = (
			);
			dependencies = (
				9B810FBF2CCC39DE0069B1DA /* PBXTargetDependency */,
			);
			fileSystemSynchronizedGroups = (
				9B810FC02CCC39DE0069B1DA /* LiveActivityDemoTests */,
			);
			name = LiveActivityDemoTests;
			packageProductDependencies = (
			);
			productName = LiveActivityDemoTests;
			productReference = 9B810FBD2CCC39DE0069B1DA /* LiveActivityDemoTests.xctest */;
			productType = "com.apple.product-type.bundle.unit-test";
		};
		9B97F6D72CCC3B08003EFF87 /* DemoWidgetsExtension */ = {
			isa = PBXNativeTarget;
			buildConfigurationList = 9B97F6EF2CCC3B09003EFF87 /* Build configuration list for PBXNativeTarget "DemoWidgetsExtension" */;
			buildPhases = (
				9B97F6D42CCC3B08003EFF87 /* Sources */,
				9B97F6D52CCC3B08003EFF87 /* Frameworks */,
				9B97F6D62CCC3B08003EFF87 /* Resources */,
			);
			buildRules = (
			);
			dependencies = (
			);
			fileSystemSynchronizedGroups = (
				9B97F6DE2CCC3B08003EFF87 /* DemoWidgets */,
			);
			name = DemoWidgetsExtension;
			packageProductDependencies = (
				9B97F6F52CCC3BBB003EFF87 /* LiveActivityContent */,
				9B6DD4C22CD976A700BDDCCD /* LiveActivityUI */,
			);
			productName = DemoWidgetsExtension;
			productReference = 9B97F6D82CCC3B08003EFF87 /* DemoWidgetsExtension.appex */;
			productType = "com.apple.product-type.app-extension";
		};
/* End PBXNativeTarget section */

/* Begin PBXProject section */
		9B810FA52CCC39DD0069B1DA /* Project object */ = {
			isa = PBXProject;
			attributes = {
				BuildIndependentTargetsInParallel = 1;
				LastSwiftUpdateCheck = 1600;
				LastUpgradeCheck = 1600;
				TargetAttributes = {
					9B810FAC2CCC39DD0069B1DA = {
						CreatedOnToolsVersion = 16.0;
					};
					9B810FBC2CCC39DE0069B1DA = {
						CreatedOnToolsVersion = 16.0;
						TestTargetID = 9B810FAC2CCC39DD0069B1DA;
					};
					9B97F6D72CCC3B08003EFF87 = {
						CreatedOnToolsVersion = 16.0;
					};
				};
			};
			buildConfigurationList = 9B810FA82CCC39DD0069B1DA /* Build configuration list for PBXProject "LiveActivityDemo" */;
			developmentRegion = en;
			hasScannedForEncodings = 0;
			knownRegions = (
				en,
				Base,
			);
			mainGroup = 9B810FA42CCC39DD0069B1DA;
			minimizedProjectReferenceProxies = 1;
			preferredProjectObjectVersion = 77;
			productRefGroup = 9B810FAE2CCC39DD0069B1DA /* Products */;
			projectDirPath = "";
			projectRoot = "";
			targets = (
				9B810FAC2CCC39DD0069B1DA /* LiveActivityDemo */,
				9B810FBC2CCC39DE0069B1DA /* LiveActivityDemoTests */,
				9B97F6D72CCC3B08003EFF87 /* DemoWidgetsExtension */,
			);
		};
/* End PBXProject section */

/* Begin PBXResourcesBuildPhase section */
		9B810FAB2CCC39DD0069B1DA /* Resources */ = {
			isa = PBXResourcesBuildPhase;
			buildActionMask = 2147483647;
			files = (
			);
			runOnlyForDeploymentPostprocessing = 0;
		};
		9B810FBB2CCC39DE0069B1DA /* Resources */ = {
			isa = PBXResourcesBuildPhase;
			buildActionMask = 2147483647;
			files = (
			);
			runOnlyForDeploymentPostprocessing = 0;
		};
		9B97F6D62CCC3B08003EFF87 /* Resources */ = {
			isa = PBXResourcesBuildPhase;
			buildActionMask = 2147483647;
			files = (
				9B7C70FC2CD970400010A831 /* README.md in Resources */,
			);
			runOnlyForDeploymentPostprocessing = 0;
		};
/* End PBXResourcesBuildPhase section */

/* Begin PBXSourcesBuildPhase section */
		9B810FA92CCC39DD0069B1DA /* Sources */ = {
			isa = PBXSourcesBuildPhase;
			buildActionMask = 2147483647;
			files = (
			);
			runOnlyForDeploymentPostprocessing = 0;
		};
		9B810FB92CCC39DE0069B1DA /* Sources */ = {
			isa = PBXSourcesBuildPhase;
			buildActionMask = 2147483647;
			files = (
			);
			runOnlyForDeploymentPostprocessing = 0;
		};
		9B97F6D42CCC3B08003EFF87 /* Sources */ = {
			isa = PBXSourcesBuildPhase;
			buildActionMask = 2147483647;
			files = (
			);
			runOnlyForDeploymentPostprocessing = 0;
		};
/* End PBXSourcesBuildPhase section */

/* Begin PBXTargetDependency section */
		9B810FBF2CCC39DE0069B1DA /* PBXTargetDependency */ = {
			isa = PBXTargetDependency;
			target = 9B810FAC2CCC39DD0069B1DA /* LiveActivityDemo */;
			targetProxy = 9B810FBE2CCC39DE0069B1DA /* PBXContainerItemProxy */;
		};
		9B97F6E92CCC3B09003EFF87 /* PBXTargetDependency */ = {
			isa = PBXTargetDependency;
			target = 9B97F6D72CCC3B08003EFF87 /* DemoWidgetsExtension */;
			targetProxy = 9B97F6E82CCC3B09003EFF87 /* PBXContainerItemProxy */;
		};
/* End PBXTargetDependency section */

/* Begin XCBuildConfiguration section */
		9B810FCF2CCC39DE0069B1DA /* Debug */ = {
			isa = XCBuildConfiguration;
			buildSettings = {
				ALWAYS_SEARCH_USER_PATHS = NO;
				ASSETCATALOG_COMPILER_GENERATE_SWIFT_ASSET_SYMBOL_EXTENSIONS = YES;
				CLANG_ANALYZER_NONNULL = YES;
				CLANG_ANALYZER_NUMBER_OBJECT_CONVERSION = YES_AGGRESSIVE;
				CLANG_CXX_LANGUAGE_STANDARD = "gnu++20";
				CLANG_ENABLE_MODULES = YES;
				CLANG_ENABLE_OBJC_ARC = YES;
				CLANG_ENABLE_OBJC_WEAK = YES;
				CLANG_WARN_BLOCK_CAPTURE_AUTORELEASING = YES;
				CLANG_WARN_BOOL_CONVERSION = YES;
				CLANG_WARN_COMMA = YES;
				CLANG_WARN_CONSTANT_CONVERSION = YES;
				CLANG_WARN_DEPRECATED_OBJC_IMPLEMENTATIONS = YES;
				CLANG_WARN_DIRECT_OBJC_ISA_USAGE = YES_ERROR;
				CLANG_WARN_DOCUMENTATION_COMMENTS = YES;
				CLANG_WARN_EMPTY_BODY = YES;
				CLANG_WARN_ENUM_CONVERSION = YES;
				CLANG_WARN_INFINITE_RECURSION = YES;
				CLANG_WARN_INT_CONVERSION = YES;
				CLANG_WARN_NON_LITERAL_NULL_CONVERSION = YES;
				CLANG_WARN_OBJC_IMPLICIT_RETAIN_SELF = YES;
				CLANG_WARN_OBJC_LITERAL_CONVERSION = YES;
				CLANG_WARN_OBJC_ROOT_CLASS = YES_ERROR;
				CLANG_WARN_QUOTED_INCLUDE_IN_FRAMEWORK_HEADER = YES;
				CLANG_WARN_RANGE_LOOP_ANALYSIS = YES;
				CLANG_WARN_STRICT_PROTOTYPES = YES;
				CLANG_WARN_SUSPICIOUS_MOVE = YES;
				CLANG_WARN_UNGUARDED_AVAILABILITY = YES_AGGRESSIVE;
				CLANG_WARN_UNREACHABLE_CODE = YES;
				CLANG_WARN__DUPLICATE_METHOD_MATCH = YES;
				COPY_PHASE_STRIP = NO;
				DEBUG_INFORMATION_FORMAT = dwarf;
				ENABLE_STRICT_OBJC_MSGSEND = YES;
				ENABLE_TESTABILITY = YES;
				ENABLE_USER_SCRIPT_SANDBOXING = YES;
				GCC_C_LANGUAGE_STANDARD = gnu17;
				GCC_DYNAMIC_NO_PIC = NO;
				GCC_NO_COMMON_BLOCKS = YES;
				GCC_OPTIMIZATION_LEVEL = 0;
				GCC_PREPROCESSOR_DEFINITIONS = (
					"DEBUG=1",
					"$(inherited)",
				);
				GCC_WARN_64_TO_32_BIT_CONVERSION = YES;
				GCC_WARN_ABOUT_RETURN_TYPE = YES_ERROR;
				GCC_WARN_UNDECLARED_SELECTOR = YES;
				GCC_WARN_UNINITIALIZED_AUTOS = YES_AGGRESSIVE;
				GCC_WARN_UNUSED_FUNCTION = YES;
				GCC_WARN_UNUSED_VARIABLE = YES;
				IPHONEOS_DEPLOYMENT_TARGET = 18.0;
				LOCALIZATION_PREFERS_STRING_CATALOGS = YES;
				MTL_ENABLE_DEBUG_INFO = INCLUDE_SOURCE;
				MTL_FAST_MATH = YES;
				ONLY_ACTIVE_ARCH = YES;
				SDKROOT = iphoneos;
				SWIFT_ACTIVE_COMPILATION_CONDITIONS = "DEBUG $(inherited)";
				SWIFT_OPTIMIZATION_LEVEL = "-Onone";
			};
			name = Debug;
		};
		9B810FD02CCC39DE0069B1DA /* Release */ = {
			isa = XCBuildConfiguration;
			buildSettings = {
				ALWAYS_SEARCH_USER_PATHS = NO;
				ASSETCATALOG_COMPILER_GENERATE_SWIFT_ASSET_SYMBOL_EXTENSIONS = YES;
				CLANG_ANALYZER_NONNULL = YES;
				CLANG_ANALYZER_NUMBER_OBJECT_CONVERSION = YES_AGGRESSIVE;
				CLANG_CXX_LANGUAGE_STANDARD = "gnu++20";
				CLANG_ENABLE_MODULES = YES;
				CLANG_ENABLE_OBJC_ARC = YES;
				CLANG_ENABLE_OBJC_WEAK = YES;
				CLANG_WARN_BLOCK_CAPTURE_AUTORELEASING = YES;
				CLANG_WARN_BOOL_CONVERSION = YES;
				CLANG_WARN_COMMA = YES;
				CLANG_WARN_CONSTANT_CONVERSION = YES;
				CLANG_WARN_DEPRECATED_OBJC_IMPLEMENTATIONS = YES;
				CLANG_WARN_DIRECT_OBJC_ISA_USAGE = YES_ERROR;
				CLANG_WARN_DOCUMENTATION_COMMENTS = YES;
				CLANG_WARN_EMPTY_BODY = YES;
				CLANG_WARN_ENUM_CONVERSION = YES;
				CLANG_WARN_INFINITE_RECURSION = YES;
				CLANG_WARN_INT_CONVERSION = YES;
				CLANG_WARN_NON_LITERAL_NULL_CONVERSION = YES;
				CLANG_WARN_OBJC_IMPLICIT_RETAIN_SELF = YES;
				CLANG_WARN_OBJC_LITERAL_CONVERSION = YES;
				CLANG_WARN_OBJC_ROOT_CLASS = YES_ERROR;
				CLANG_WARN_QUOTED_INCLUDE_IN_FRAMEWORK_HEADER = YES;
				CLANG_WARN_RANGE_LOOP_ANALYSIS = YES;
				CLANG_WARN_STRICT_PROTOTYPES = YES;
				CLANG_WARN_SUSPICIOUS_MOVE = YES;
				CLANG_WARN_UNGUARDED_AVAILABILITY = YES_AGGRESSIVE;
				CLANG_WARN_UNREACHABLE_CODE = YES;
				CLANG_WARN__DUPLICATE_METHOD_MATCH = YES;
				COPY_PHASE_STRIP = NO;
				DEBUG_INFORMATION_FORMAT = "dwarf-with-dsym";
				ENABLE_NS_ASSERTIONS = NO;
				ENABLE_STRICT_OBJC_MSGSEND = YES;
				ENABLE_USER_SCRIPT_SANDBOXING = YES;
				GCC_C_LANGUAGE_STANDARD = gnu17;
				GCC_NO_COMMON_BLOCKS = YES;
				GCC_WARN_64_TO_32_BIT_CONVERSION = YES;
				GCC_WARN_ABOUT_RETURN_TYPE = YES_ERROR;
				GCC_WARN_UNDECLARED_SELECTOR = YES;
				GCC_WARN_UNINITIALIZED_AUTOS = YES_AGGRESSIVE;
				GCC_WARN_UNUSED_FUNCTION = YES;
				GCC_WARN_UNUSED_VARIABLE = YES;
				IPHONEOS_DEPLOYMENT_TARGET = 18.0;
				LOCALIZATION_PREFERS_STRING_CATALOGS = YES;
				MTL_ENABLE_DEBUG_INFO = NO;
				MTL_FAST_MATH = YES;
				SDKROOT = iphoneos;
				SWIFT_COMPILATION_MODE = wholemodule;
				VALIDATE_PRODUCT = YES;
			};
			name = Release;
		};
		9B810FD22CCC39DE0069B1DA /* Debug */ = {
			isa = XCBuildConfiguration;
			buildSettings = {
				ASSETCATALOG_COMPILER_APPICON_NAME = AppIcon;
				ASSETCATALOG_COMPILER_GLOBAL_ACCENT_COLOR_NAME = AccentColor;
				CODE_SIGN_ENTITLEMENTS = LiveActivityDemo/Resources/LiveActivityDemo.entitlements;
				CODE_SIGN_STYLE = Automatic;
				CURRENT_PROJECT_VERSION = 1;
				DEVELOPMENT_ASSET_PATHS = "\"LiveActivityDemo/Resources/Preview Content\"";
				DEVELOPMENT_TEAM = 4E6CZX3H5W;
				ENABLE_PREVIEWS = YES;
				GENERATE_INFOPLIST_FILE = YES;
				INFOPLIST_KEY_CFBundleDisplayName = "LiveActivity Demo";
				INFOPLIST_KEY_NSSupportsLiveActivities = YES;
				INFOPLIST_KEY_UIApplicationSceneManifest_Generation = YES;
				INFOPLIST_KEY_UIApplicationSupportsIndirectInputEvents = YES;
				INFOPLIST_KEY_UILaunchScreen_Generation = YES;
				INFOPLIST_KEY_UISupportedInterfaceOrientations_iPad = "UIInterfaceOrientationPortrait UIInterfaceOrientationPortraitUpsideDown UIInterfaceOrientationLandscapeLeft UIInterfaceOrientationLandscapeRight";
				INFOPLIST_KEY_UISupportedInterfaceOrientations_iPhone = "UIInterfaceOrientationPortrait UIInterfaceOrientationLandscapeLeft UIInterfaceOrientationLandscapeRight";
				LD_RUNPATH_SEARCH_PATHS = (
					"$(inherited)",
					"@executable_path/Frameworks",
				);
				MARKETING_VERSION = 1.0;
				PRODUCT_BUNDLE_IDENTIFIER = "com.fespinozacast.youtube-sample.LiveActivityDemo";
				PRODUCT_NAME = "$(TARGET_NAME)";
				SWIFT_EMIT_LOC_STRINGS = YES;
				SWIFT_VERSION = 5.0;
				TARGETED_DEVICE_FAMILY = "1,2";
			};
			name = Debug;
		};
		9B810FD32CCC39DE0069B1DA /* Release */ = {
			isa = XCBuildConfiguration;
			buildSettings = {
				ASSETCATALOG_COMPILER_APPICON_NAME = AppIcon;
				ASSETCATALOG_COMPILER_GLOBAL_ACCENT_COLOR_NAME = AccentColor;
				CODE_SIGN_ENTITLEMENTS = LiveActivityDemo/Resources/LiveActivityDemo.entitlements;
				CODE_SIGN_STYLE = Automatic;
				CURRENT_PROJECT_VERSION = 1;
				DEVELOPMENT_ASSET_PATHS = "\"LiveActivityDemo/Resources/Preview Content\"";
				DEVELOPMENT_TEAM = 4E6CZX3H5W;
				ENABLE_PREVIEWS = YES;
				GENERATE_INFOPLIST_FILE = YES;
				INFOPLIST_KEY_CFBundleDisplayName = "LiveActivity Demo";
				INFOPLIST_KEY_NSSupportsLiveActivities = YES;
				INFOPLIST_KEY_UIApplicationSceneManifest_Generation = YES;
				INFOPLIST_KEY_UIApplicationSupportsIndirectInputEvents = YES;
				INFOPLIST_KEY_UILaunchScreen_Generation = YES;
				INFOPLIST_KEY_UISupportedInterfaceOrientations_iPad = "UIInterfaceOrientationPortrait UIInterfaceOrientationPortraitUpsideDown UIInterfaceOrientationLandscapeLeft UIInterfaceOrientationLandscapeRight";
				INFOPLIST_KEY_UISupportedInterfaceOrientations_iPhone = "UIInterfaceOrientationPortrait UIInterfaceOrientationLandscapeLeft UIInterfaceOrientationLandscapeRight";
				LD_RUNPATH_SEARCH_PATHS = (
					"$(inherited)",
					"@executable_path/Frameworks",
				);
				MARKETING_VERSION = 1.0;
				PRODUCT_BUNDLE_IDENTIFIER = "com.fespinozacast.youtube-sample.LiveActivityDemo";
				PRODUCT_NAME = "$(TARGET_NAME)";
				SWIFT_EMIT_LOC_STRINGS = YES;
				SWIFT_VERSION = 5.0;
				TARGETED_DEVICE_FAMILY = "1,2";
			};
			name = Release;
		};
		9B810FD52CCC39DE0069B1DA /* Debug */ = {
			isa = XCBuildConfiguration;
			buildSettings = {
				BUNDLE_LOADER = "$(TEST_HOST)";
				CODE_SIGN_STYLE = Automatic;
				CURRENT_PROJECT_VERSION = 1;
				DEVELOPMENT_TEAM = 4E6CZX3H5W;
				GENERATE_INFOPLIST_FILE = YES;
				IPHONEOS_DEPLOYMENT_TARGET = 18.0;
				MARKETING_VERSION = 1.0;
				PRODUCT_BUNDLE_IDENTIFIER = "com.fespinozacast.youtube-sample.LiveActivityDemoTests";
				PRODUCT_NAME = "$(TARGET_NAME)";
				SWIFT_EMIT_LOC_STRINGS = NO;
				SWIFT_VERSION = 5.0;
				TARGETED_DEVICE_FAMILY = "1,2";
				TEST_HOST = "$(BUILT_PRODUCTS_DIR)/LiveActivityDemo.app/$(BUNDLE_EXECUTABLE_FOLDER_PATH)/LiveActivityDemo";
			};
			name = Debug;
		};
		9B810FD62CCC39DE0069B1DA /* Release */ = {
			isa = XCBuildConfiguration;
			buildSettings = {
				BUNDLE_LOADER = "$(TEST_HOST)";
				CODE_SIGN_STYLE = Automatic;
				CURRENT_PROJECT_VERSION = 1;
				DEVELOPMENT_TEAM = 4E6CZX3H5W;
				GENERATE_INFOPLIST_FILE = YES;
				IPHONEOS_DEPLOYMENT_TARGET = 18.0;
				MARKETING_VERSION = 1.0;
				PRODUCT_BUNDLE_IDENTIFIER = "com.fespinozacast.youtube-sample.LiveActivityDemoTests";
				PRODUCT_NAME = "$(TARGET_NAME)";
				SWIFT_EMIT_LOC_STRINGS = NO;
				SWIFT_VERSION = 5.0;
				TARGETED_DEVICE_FAMILY = "1,2";
				TEST_HOST = "$(BUILT_PRODUCTS_DIR)/LiveActivityDemo.app/$(BUNDLE_EXECUTABLE_FOLDER_PATH)/LiveActivityDemo";
			};
			name = Release;
		};
		9B97F6EC2CCC3B09003EFF87 /* Debug */ = {
			isa = XCBuildConfiguration;
			buildSettings = {
				ASSETCATALOG_COMPILER_GLOBAL_ACCENT_COLOR_NAME = AccentColor;
				ASSETCATALOG_COMPILER_WIDGET_BACKGROUND_COLOR_NAME = WidgetBackground;
				CODE_SIGN_STYLE = Automatic;
				CURRENT_PROJECT_VERSION = 1;
				DEVELOPMENT_TEAM = 4E6CZX3H5W;
				GENERATE_INFOPLIST_FILE = YES;
				INFOPLIST_FILE = DemoWidgets/Resources/Info.plist;
				INFOPLIST_KEY_CFBundleDisplayName = DemoWidgets;
				INFOPLIST_KEY_NSHumanReadableCopyright = "";
				LD_RUNPATH_SEARCH_PATHS = (
					"$(inherited)",
					"@executable_path/Frameworks",
					"@executable_path/../../Frameworks",
				);
				MARKETING_VERSION = 1.0;
				PRODUCT_BUNDLE_IDENTIFIER = "com.fespinozacast.youtube-sample.LiveActivityDemo.DemoWidgets";
				PRODUCT_NAME = "$(TARGET_NAME)";
				SKIP_INSTALL = YES;
				SWIFT_EMIT_LOC_STRINGS = YES;
				SWIFT_VERSION = 5.0;
				TARGETED_DEVICE_FAMILY = "1,2";
			};
			name = Debug;
		};
		9B97F6ED2CCC3B09003EFF87 /* Release */ = {
			isa = XCBuildConfiguration;
			buildSettings = {
				ASSETCATALOG_COMPILER_GLOBAL_ACCENT_COLOR_NAME = AccentColor;
				ASSETCATALOG_COMPILER_WIDGET_BACKGROUND_COLOR_NAME = WidgetBackground;
				CODE_SIGN_STYLE = Automatic;
				CURRENT_PROJECT_VERSION = 1;
				DEVELOPMENT_TEAM = 4E6CZX3H5W;
				GENERATE_INFOPLIST_FILE = YES;
				INFOPLIST_FILE = DemoWidgets/Resources/Info.plist;
				INFOPLIST_KEY_CFBundleDisplayName = DemoWidgets;
				INFOPLIST_KEY_NSHumanReadableCopyright = "";
				LD_RUNPATH_SEARCH_PATHS = (
					"$(inherited)",
					"@executable_path/Frameworks",
					"@executable_path/../../Frameworks",
				);
				MARKETING_VERSION = 1.0;
				PRODUCT_BUNDLE_IDENTIFIER = "com.fespinozacast.youtube-sample.LiveActivityDemo.DemoWidgets";
				PRODUCT_NAME = "$(TARGET_NAME)";
				SKIP_INSTALL = YES;
				SWIFT_EMIT_LOC_STRINGS = YES;
				SWIFT_VERSION = 5.0;
				TARGETED_DEVICE_FAMILY = "1,2";
			};
			name = Release;
		};
/* End XCBuildConfiguration section */

/* Begin XCConfigurationList section */
		9B810FA82CCC39DD0069B1DA /* Build configuration list for PBXProject "LiveActivityDemo" */ = {
			isa = XCConfigurationList;
			buildConfigurations = (
				9B810FCF2CCC39DE0069B1DA /* Debug */,
				9B810FD02CCC39DE0069B1DA /* Release */,
			);
			defaultConfigurationIsVisible = 0;
			defaultConfigurationName = Release;
		};
		9B810FD12CCC39DE0069B1DA /* Build configuration list for PBXNativeTarget "LiveActivityDemo" */ = {
			isa = XCConfigurationList;
			buildConfigurations = (
				9B810FD22CCC39DE0069B1DA /* Debug */,
				9B810FD32CCC39DE0069B1DA /* Release */,
			);
			defaultConfigurationIsVisible = 0;
			defaultConfigurationName = Release;
		};
		9B810FD42CCC39DE0069B1DA /* Build configuration list for PBXNativeTarget "LiveActivityDemoTests" */ = {
			isa = XCConfigurationList;
			buildConfigurations = (
				9B810FD52CCC39DE0069B1DA /* Debug */,
				9B810FD62CCC39DE0069B1DA /* Release */,
			);
			defaultConfigurationIsVisible = 0;
			defaultConfigurationName = Release;
		};
		9B97F6EF2CCC3B09003EFF87 /* Build configuration list for PBXNativeTarget "DemoWidgetsExtension" */ = {
			isa = XCConfigurationList;
			buildConfigurations = (
				9B97F6EC2CCC3B09003EFF87 /* Debug */,
				9B97F6ED2CCC3B09003EFF87 /* Release */,
			);
			defaultConfigurationIsVisible = 0;
			defaultConfigurationName = Release;
		};
/* End XCConfigurationList section */

/* Begin XCSwiftPackageProductDependency section */
		9B6DD4C22CD976A700BDDCCD /* LiveActivityUI */ = {
			isa = XCSwiftPackageProductDependency;
			productName = LiveActivityUI;
		};
		9B97F6F32CCC3BB7003EFF87 /* LiveActivityContent */ = {
			isa = XCSwiftPackageProductDependency;
			productName = LiveActivityContent;
		};
		9B97F6F52CCC3BBB003EFF87 /* LiveActivityContent */ = {
			isa = XCSwiftPackageProductDependency;
			productName = LiveActivityContent;
		};
		9BFE1ADB2CD9774F00BA7FA8 /* LiveActivityUI */ = {
			isa = XCSwiftPackageProductDependency;
			productName = LiveActivityUI;
		};
/* End XCSwiftPackageProductDependency section */
	};
	rootObject = 9B810FA52CCC39DD0069B1DA /* Project object */;
}
