// !$*UTF8*$!
{
	archiveVersion = 1;
	classes = {
	};
	objectVersion = 77;
	objects = {

/* Begin PBXBuildFile section */
		9B51ECE62D9B1AD600619EFF /* MovieModels in Frameworks */ = {isa = PBXBuildFile; productRef = 9B51ECE52D9B1AD600619EFF /* MovieModels */; };
		9B7E944A2D56A2E5002783BA /* README.md in Resources */ = {isa = PBXBuildFile; fileRef = 9B7E94492D56A2E1002783BA /* README.md */; };
		9B7E945F2D56B19B002783BA /* Tagged in Frameworks */ = {isa = PBXBuildFile; productRef = 9B7E945E2D56B19B002783BA /* Tagged */; };
		9BA99A932D9B211F000BD406 /* MovieComponents in Frameworks */ = {isa = PBXBuildFile; productRef = 9BA99A922D9B211F000BD406 /* MovieComponents */; };
		9BA99A952D9B2122000BD406 /* Navigation in Frameworks */ = {isa = PBXBuildFile; productRef = 9BA99A942D9B2122000BD406 /* Navigation */; };
		9BA99A972D9B2126000BD406 /* Logging in Frameworks */ = {isa = PBXBuildFile; productRef = 9BA99A962D9B2126000BD406 /* Logging */; };
		9BDAC7412D63D4850044A76C /* SnapshotTestingKit in Frameworks */ = {isa = PBXBuildFile; productRef = 9BDAC7402D63D4850044A76C /* SnapshotTestingKit */; };
/* End PBXBuildFile section */

/* Begin PBXContainerItemProxy section */
		9BDAC73A2D63D47E0044A76C /* PBXContainerItemProxy */ = {
			isa = PBXContainerItemProxy;
			containerPortal = 9B7E94302D56A2D9002783BA /* Project object */;
			proxyType = 1;
			remoteGlobalIDString = 9B7E94372D56A2D9002783BA;
			remoteInfo = MovieCatalog;
		};
/* End PBXContainerItemProxy section */

/* Begin PBXFileReference section */
		9B7E94382D56A2D9002783BA /* MovieCatalog.app */ = {isa = PBXFileReference; explicitFileType = wrapper.application; includeInIndex = 0; path = MovieCatalog.app; sourceTree = BUILT_PRODUCTS_DIR; };
		9B7E94492D56A2E1002783BA /* README.md */ = {isa = PBXFileReference; lastKnownFileType = net.daringfireball.markdown; path = README.md; sourceTree = "<group>"; };
		9BDAC7362D63D47E0044A76C /* MovieCatalogTests.xctest */ = {isa = PBXFileReference; explicitFileType = wrapper.cfbundle; includeInIndex = 0; path = MovieCatalogTests.xctest; sourceTree = BUILT_PRODUCTS_DIR; };
/* End PBXFileReference section */

/* Begin PBXFileSystemSynchronizedBuildFileExceptionSet section */
		9B51ECF62D9B1EF600619EFF /* Exceptions for "Packages" folder in "MovieCatalog" target */ = {
			isa = PBXFileSystemSynchronizedBuildFileExceptionSet;
			membershipExceptions = (
				"01 - Base/Logging",
			);
			target = 9B7E94372D56A2D9002783BA /* MovieCatalog */;
		};
		9B5D4AFC2D5A950000CE6CD2 /* Exceptions for "MovieCatalog" folder in "MovieCatalog" target */ = {
			isa = PBXFileSystemSynchronizedBuildFileExceptionSet;
			membershipExceptions = (
				Config/BaseConfig_EXAMPLE.xcconfig,
				Config/BaseConfig.xcconfig,
				Resources/Info.plist,
				"Resources/Preview Content/API Responses/upcomingMovies.json",
			);
			target = 9B7E94372D56A2D9002783BA /* MovieCatalog */;
		};
/* End PBXFileSystemSynchronizedBuildFileExceptionSet section */

/* Begin PBXFileSystemSynchronizedRootGroup section */
		9B5927A32D63D1BE0013A133 /* Packages */ = {
			isa = PBXFileSystemSynchronizedRootGroup;
			exceptions = (
				9B51ECF62D9B1EF600619EFF /* Exceptions for "Packages" folder in "MovieCatalog" target */,
			);
			path = Packages;
			sourceTree = "<group>";
		};
		9B7E943A2D56A2D9002783BA /* MovieCatalog */ = {
			isa = PBXFileSystemSynchronizedRootGroup;
			exceptions = (
				9B5D4AFC2D5A950000CE6CD2 /* Exceptions for "MovieCatalog" folder in "MovieCatalog" target */,
			);
			path = MovieCatalog;
			sourceTree = "<group>";
		};
		9BDAC7372D63D47E0044A76C /* MovieCatalogTests */ = {
			isa = PBXFileSystemSynchronizedRootGroup;
			path = MovieCatalogTests;
			sourceTree = "<group>";
		};
/* End PBXFileSystemSynchronizedRootGroup section */

/* Begin PBXFrameworksBuildPhase section */
		9B7E94352D56A2D9002783BA /* Frameworks */ = {
			isa = PBXFrameworksBuildPhase;
			buildActionMask = 2147483647;
			files = (
				9B7E945F2D56B19B002783BA /* Tagged in Frameworks */,
				9B51ECE62D9B1AD600619EFF /* MovieModels in Frameworks */,
				9BA99A952D9B2122000BD406 /* Navigation in Frameworks */,
				9BA99A932D9B211F000BD406 /* MovieComponents in Frameworks */,
				9BA99A972D9B2126000BD406 /* Logging in Frameworks */,
			);
			runOnlyForDeploymentPostprocessing = 0;
		};
		9BDAC7332D63D47E0044A76C /* Frameworks */ = {
			isa = PBXFrameworksBuildPhase;
			buildActionMask = 2147483647;
			files = (
				9BDAC7412D63D4850044A76C /* SnapshotTestingKit in Frameworks */,
			);
			runOnlyForDeploymentPostprocessing = 0;
		};
/* End PBXFrameworksBuildPhase section */

/* Begin PBXGroup section */
		9B7E942F2D56A2D9002783BA = {
			isa = PBXGroup;
			children = (
				9B7E94492D56A2E1002783BA /* README.md */,
				9B5927A32D63D1BE0013A133 /* Packages */,
				9B7E943A2D56A2D9002783BA /* MovieCatalog */,
				9BDAC7372D63D47E0044A76C /* MovieCatalogTests */,
				9BDAC73F2D63D4850044A76C /* Frameworks */,
				9B7E94392D56A2D9002783BA /* Products */,
			);
			sourceTree = "<group>";
		};
		9B7E94392D56A2D9002783BA /* Products */ = {
			isa = PBXGroup;
			children = (
				9B7E94382D56A2D9002783BA /* MovieCatalog.app */,
				9BDAC7362D63D47E0044A76C /* MovieCatalogTests.xctest */,
			);
			name = Products;
			sourceTree = "<group>";
		};
		9BDAC73F2D63D4850044A76C /* Frameworks */ = {
			isa = PBXGroup;
			children = (
			);
			name = Frameworks;
			sourceTree = "<group>";
		};
/* End PBXGroup section */

/* Begin PBXNativeTarget section */
		9B7E94372D56A2D9002783BA /* MovieCatalog */ = {
			isa = PBXNativeTarget;
			buildConfigurationList = 9B7E94462D56A2DA002783BA /* Build configuration list for PBXNativeTarget "MovieCatalog" */;
			buildPhases = (
				9B7E94342D56A2D9002783BA /* Sources */,
				9B7E94352D56A2D9002783BA /* Frameworks */,
				9B7E94362D56A2D9002783BA /* Resources */,
			);
			buildRules = (
			);
			dependencies = (
			);
			fileSystemSynchronizedGroups = (
				9B5927A32D63D1BE0013A133 /* Packages */,
				9B7E943A2D56A2D9002783BA /* MovieCatalog */,
			);
			name = MovieCatalog;
			packageProductDependencies = (
				9B7E945E2D56B19B002783BA /* Tagged */,
				9B51ECE52D9B1AD600619EFF /* MovieModels */,
				9BA99A922D9B211F000BD406 /* MovieComponents */,
				9BA99A942D9B2122000BD406 /* Navigation */,
				9BA99A962D9B2126000BD406 /* Logging */,
			);
			productName = MovieCatalog;
			productReference = 9B7E94382D56A2D9002783BA /* MovieCatalog.app */;
			productType = "com.apple.product-type.application";
		};
		9BDAC7352D63D47E0044A76C /* MovieCatalogTests */ = {
			isa = PBXNativeTarget;
			buildConfigurationList = 9BDAC73E2D63D47E0044A76C /* Build configuration list for PBXNativeTarget "MovieCatalogTests" */;
			buildPhases = (
				9BDAC7322D63D47E0044A76C /* Sources */,
				9BDAC7332D63D47E0044A76C /* Frameworks */,
				9BDAC7342D63D47E0044A76C /* Resources */,
			);
			buildRules = (
			);
			dependencies = (
				9BDAC73B2D63D47E0044A76C /* PBXTargetDependency */,
			);
			fileSystemSynchronizedGroups = (
				9BDAC7372D63D47E0044A76C /* MovieCatalogTests */,
			);
			name = MovieCatalogTests;
			packageProductDependencies = (
				9BDAC7402D63D4850044A76C /* SnapshotTestingKit */,
			);
			productName = MovieCatalogTests;
			productReference = 9BDAC7362D63D47E0044A76C /* MovieCatalogTests.xctest */;
			productType = "com.apple.product-type.bundle.unit-test";
		};
/* End PBXNativeTarget section */

/* Begin PBXProject section */
		9B7E94302D56A2D9002783BA /* Project object */ = {
			isa = PBXProject;
			attributes = {
				BuildIndependentTargetsInParallel = 1;
				LastSwiftUpdateCheck = 1620;
				LastUpgradeCheck = 1630;
				TargetAttributes = {
					9B7E94372D56A2D9002783BA = {
						CreatedOnToolsVersion = 16.2;
					};
					9BDAC7352D63D47E0044A76C = {
						CreatedOnToolsVersion = 16.2;
						TestTargetID = 9B7E94372D56A2D9002783BA;
					};
				};
			};
			buildConfigurationList = 9B7E94332D56A2D9002783BA /* Build configuration list for PBXProject "MovieCatalog" */;
			developmentRegion = en;
			hasScannedForEncodings = 0;
			knownRegions = (
				en,
				Base,
			);
			mainGroup = 9B7E942F2D56A2D9002783BA;
			minimizedProjectReferenceProxies = 1;
			packageReferences = (
				9B7E945D2D56B19B002783BA /* XCRemoteSwiftPackageReference "swift-tagged" */,
			);
			preferredProjectObjectVersion = 77;
			productRefGroup = 9B7E94392D56A2D9002783BA /* Products */;
			projectDirPath = "";
			projectRoot = "";
			targets = (
				9B7E94372D56A2D9002783BA /* MovieCatalog */,
				9BDAC7352D63D47E0044A76C /* MovieCatalogTests */,
			);
		};
/* End PBXProject section */

/* Begin PBXResourcesBuildPhase section */
		9B7E94362D56A2D9002783BA /* Resources */ = {
			isa = PBXResourcesBuildPhase;
			buildActionMask = 2147483647;
			files = (
				9B7E944A2D56A2E5002783BA /* README.md in Resources */,
			);
			runOnlyForDeploymentPostprocessing = 0;
		};
		9BDAC7342D63D47E0044A76C /* Resources */ = {
			isa = PBXResourcesBuildPhase;
			buildActionMask = 2147483647;
			files = (
			);
			runOnlyForDeploymentPostprocessing = 0;
		};
/* End PBXResourcesBuildPhase section */

/* Begin PBXSourcesBuildPhase section */
		9B7E94342D56A2D9002783BA /* Sources */ = {
			isa = PBXSourcesBuildPhase;
			buildActionMask = 2147483647;
			files = (
			);
			runOnlyForDeploymentPostprocessing = 0;
		};
		9BDAC7322D63D47E0044A76C /* Sources */ = {
			isa = PBXSourcesBuildPhase;
			buildActionMask = 2147483647;
			files = (
			);
			runOnlyForDeploymentPostprocessing = 0;
		};
/* End PBXSourcesBuildPhase section */

/* Begin PBXTargetDependency section */
		9BDAC73B2D63D47E0044A76C /* PBXTargetDependency */ = {
			isa = PBXTargetDependency;
			target = 9B7E94372D56A2D9002783BA /* MovieCatalog */;
			targetProxy = 9BDAC73A2D63D47E0044A76C /* PBXContainerItemProxy */;
		};
/* End PBXTargetDependency section */

/* Begin XCBuildConfiguration section */
		9B7E94442D56A2DA002783BA /* Debug */ = {
			isa = XCBuildConfiguration;
			buildSettings = {
				ALWAYS_SEARCH_USER_PATHS = NO;
				ASSETCATALOG_COMPILER_GENERATE_SWIFT_ASSET_SYMBOL_EXTENSIONS = YES;
				CLANG_ANALYZER_NONNULL = YES;
				CLANG_ANALYZER_NUMBER_OBJECT_CONVERSION = YES_AGGRESSIVE;
				CLANG_CXX_LANGUAGE_STANDARD = "gnu++20";
				CLANG_ENABLE_MODULES = YES;
				CLANG_ENABLE_OBJC_ARC = YES;
				CLANG_ENABLE_OBJC_WEAK = YES;
				CLANG_WARN_BLOCK_CAPTURE_AUTORELEASING = YES;
				CLANG_WARN_BOOL_CONVERSION = YES;
				CLANG_WARN_COMMA = YES;
				CLANG_WARN_CONSTANT_CONVERSION = YES;
				CLANG_WARN_DEPRECATED_OBJC_IMPLEMENTATIONS = YES;
				CLANG_WARN_DIRECT_OBJC_ISA_USAGE = YES_ERROR;
				CLANG_WARN_DOCUMENTATION_COMMENTS = YES;
				CLANG_WARN_EMPTY_BODY = YES;
				CLANG_WARN_ENUM_CONVERSION = YES;
				CLANG_WARN_INFINITE_RECURSION = YES;
				CLANG_WARN_INT_CONVERSION = YES;
				CLANG_WARN_NON_LITERAL_NULL_CONVERSION = YES;
				CLANG_WARN_OBJC_IMPLICIT_RETAIN_SELF = YES;
				CLANG_WARN_OBJC_LITERAL_CONVERSION = YES;
				CLANG_WARN_OBJC_ROOT_CLASS = YES_ERROR;
				CLANG_WARN_QUOTED_INCLUDE_IN_FRAMEWORK_HEADER = YES;
				CLANG_WARN_RANGE_LOOP_ANALYSIS = YES;
				CLANG_WARN_STRICT_PROTOTYPES = YES;
				CLANG_WARN_SUSPICIOUS_MOVE = YES;
				CLANG_WARN_UNGUARDED_AVAILABILITY = YES_AGGRESSIVE;
				CLANG_WARN_UNREACHABLE_CODE = YES;
				CLANG_WARN__DUPLICATE_METHOD_MATCH = YES;
				COPY_PHASE_STRIP = NO;
				DEBUG_INFORMATION_FORMAT = dwarf;
				DEVELOPMENT_TEAM = 4E6CZX3H5W;
				ENABLE_STRICT_OBJC_MSGSEND = YES;
				ENABLE_TESTABILITY = YES;
				ENABLE_USER_SCRIPT_SANDBOXING = YES;
				GCC_C_LANGUAGE_STANDARD = gnu17;
				GCC_DYNAMIC_NO_PIC = NO;
				GCC_NO_COMMON_BLOCKS = YES;
				GCC_OPTIMIZATION_LEVEL = 0;
				GCC_PREPROCESSOR_DEFINITIONS = (
					"DEBUG=1",
					"$(inherited)",
				);
				GCC_WARN_64_TO_32_BIT_CONVERSION = YES;
				GCC_WARN_ABOUT_RETURN_TYPE = YES_ERROR;
				GCC_WARN_UNDECLARED_SELECTOR = YES;
				GCC_WARN_UNINITIALIZED_AUTOS = YES_AGGRESSIVE;
				GCC_WARN_UNUSED_FUNCTION = YES;
				GCC_WARN_UNUSED_VARIABLE = YES;
				IPHONEOS_DEPLOYMENT_TARGET = 18.2;
				LOCALIZATION_PREFERS_STRING_CATALOGS = YES;
				MTL_ENABLE_DEBUG_INFO = INCLUDE_SOURCE;
				MTL_FAST_MATH = YES;
				ONLY_ACTIVE_ARCH = YES;
				SDKROOT = iphoneos;
				SWIFT_ACTIVE_COMPILATION_CONDITIONS = "DEBUG $(inherited)";
				SWIFT_OPTIMIZATION_LEVEL = "-Onone";
			};
			name = Debug;
		};
		9B7E94452D56A2DA002783BA /* Release */ = {
			isa = XCBuildConfiguration;
			buildSettings = {
				ALWAYS_SEARCH_USER_PATHS = NO;
				ASSETCATALOG_COMPILER_GENERATE_SWIFT_ASSET_SYMBOL_EXTENSIONS = YES;
				CLANG_ANALYZER_NONNULL = YES;
				CLANG_ANALYZER_NUMBER_OBJECT_CONVERSION = YES_AGGRESSIVE;
				CLANG_CXX_LANGUAGE_STANDARD = "gnu++20";
				CLANG_ENABLE_MODULES = YES;
				CLANG_ENABLE_OBJC_ARC = YES;
				CLANG_ENABLE_OBJC_WEAK = YES;
				CLANG_WARN_BLOCK_CAPTURE_AUTORELEASING = YES;
				CLANG_WARN_BOOL_CONVERSION = YES;
				CLANG_WARN_COMMA = YES;
				CLANG_WARN_CONSTANT_CONVERSION = YES;
				CLANG_WARN_DEPRECATED_OBJC_IMPLEMENTATIONS = YES;
				CLANG_WARN_DIRECT_OBJC_ISA_USAGE = YES_ERROR;
				CLANG_WARN_DOCUMENTATION_COMMENTS = YES;
				CLANG_WARN_EMPTY_BODY = YES;
				CLANG_WARN_ENUM_CONVERSION = YES;
				CLANG_WARN_INFINITE_RECURSION = YES;
				CLANG_WARN_INT_CONVERSION = YES;
				CLANG_WARN_NON_LITERAL_NULL_CONVERSION = YES;
				CLANG_WARN_OBJC_IMPLICIT_RETAIN_SELF = YES;
				CLANG_WARN_OBJC_LITERAL_CONVERSION = YES;
				CLANG_WARN_OBJC_ROOT_CLASS = YES_ERROR;
				CLANG_WARN_QUOTED_INCLUDE_IN_FRAMEWORK_HEADER = YES;
				CLANG_WARN_RANGE_LOOP_ANALYSIS = YES;
				CLANG_WARN_STRICT_PROTOTYPES = YES;
				CLANG_WARN_SUSPICIOUS_MOVE = YES;
				CLANG_WARN_UNGUARDED_AVAILABILITY = YES_AGGRESSIVE;
				CLANG_WARN_UNREACHABLE_CODE = YES;
				CLANG_WARN__DUPLICATE_METHOD_MATCH = YES;
				COPY_PHASE_STRIP = NO;
				DEBUG_INFORMATION_FORMAT = "dwarf-with-dsym";
				DEVELOPMENT_TEAM = 4E6CZX3H5W;
				ENABLE_NS_ASSERTIONS = NO;
				ENABLE_STRICT_OBJC_MSGSEND = YES;
				ENABLE_USER_SCRIPT_SANDBOXING = YES;
				GCC_C_LANGUAGE_STANDARD = gnu17;
				GCC_NO_COMMON_BLOCKS = YES;
				GCC_WARN_64_TO_32_BIT_CONVERSION = YES;
				GCC_WARN_ABOUT_RETURN_TYPE = YES_ERROR;
				GCC_WARN_UNDECLARED_SELECTOR = YES;
				GCC_WARN_UNINITIALIZED_AUTOS = YES_AGGRESSIVE;
				GCC_WARN_UNUSED_FUNCTION = YES;
				GCC_WARN_UNUSED_VARIABLE = YES;
				IPHONEOS_DEPLOYMENT_TARGET = 18.2;
				LOCALIZATION_PREFERS_STRING_CATALOGS = YES;
				MTL_ENABLE_DEBUG_INFO = NO;
				MTL_FAST_MATH = YES;
				SDKROOT = iphoneos;
				SWIFT_COMPILATION_MODE = wholemodule;
				VALIDATE_PRODUCT = YES;
			};
			name = Release;
		};
		9B7E94472D56A2DA002783BA /* Debug */ = {
			isa = XCBuildConfiguration;
			baseConfigurationReferenceAnchor = 9B7E943A2D56A2D9002783BA /* MovieCatalog */;
			baseConfigurationReferenceRelativePath = Config/BaseConfig.xcconfig;
			buildSettings = {
				ASSETCATALOG_COMPILER_APPICON_NAME = AppIcon;
				ASSETCATALOG_COMPILER_GLOBAL_ACCENT_COLOR_NAME = AccentColor;
				CODE_SIGN_STYLE = Automatic;
				CURRENT_PROJECT_VERSION = 1;
				DEVELOPMENT_ASSET_PATHS = "\"MovieCatalog/Resources/Preview Content\"";
				ENABLE_PREVIEWS = YES;
				GENERATE_INFOPLIST_FILE = YES;
				INFOPLIST_FILE = MovieCatalog/Resources/Info.plist;
				INFOPLIST_KEY_CFBundleDisplayName = "Movie Catalog";
				INFOPLIST_KEY_UIApplicationSceneManifest_Generation = YES;
				INFOPLIST_KEY_UIApplicationSupportsIndirectInputEvents = YES;
				INFOPLIST_KEY_UILaunchScreen_Generation = YES;
				INFOPLIST_KEY_UISupportedInterfaceOrientations_iPad = "UIInterfaceOrientationPortrait UIInterfaceOrientationPortraitUpsideDown UIInterfaceOrientationLandscapeLeft UIInterfaceOrientationLandscapeRight";
				INFOPLIST_KEY_UISupportedInterfaceOrientations_iPhone = "UIInterfaceOrientationPortrait UIInterfaceOrientationLandscapeLeft UIInterfaceOrientationLandscapeRight";
				LD_RUNPATH_SEARCH_PATHS = (
					"$(inherited)",
					"@executable_path/Frameworks",
				);
				MARKETING_VERSION = 1.0;
				PRODUCT_BUNDLE_IDENTIFIER = com.fespinozacast.youtube.MovieCatalog;
				PRODUCT_NAME = "$(TARGET_NAME)";
				SWIFT_EMIT_LOC_STRINGS = YES;
				SWIFT_VERSION = 5.0;
				TARGETED_DEVICE_FAMILY = "1,2";
			};
			name = Debug;
		};
		9B7E94482D56A2DA002783BA /* Release */ = {
			isa = XCBuildConfiguration;
			baseConfigurationReferenceAnchor = 9B7E943A2D56A2D9002783BA /* MovieCatalog */;
			baseConfigurationReferenceRelativePath = Config/BaseConfig.xcconfig;
			buildSettings = {
				ASSETCATALOG_COMPILER_APPICON_NAME = AppIcon;
				ASSETCATALOG_COMPILER_GLOBAL_ACCENT_COLOR_NAME = AccentColor;
				CODE_SIGN_STYLE = Automatic;
				CURRENT_PROJECT_VERSION = 1;
				DEVELOPMENT_ASSET_PATHS = "\"MovieCatalog/Resources/Preview Content\"";
				ENABLE_PREVIEWS = YES;
				GENERATE_INFOPLIST_FILE = YES;
				INFOPLIST_FILE = MovieCatalog/Resources/Info.plist;
				INFOPLIST_KEY_CFBundleDisplayName = "Movie Catalog";
				INFOPLIST_KEY_UIApplicationSceneManifest_Generation = YES;
				INFOPLIST_KEY_UIApplicationSupportsIndirectInputEvents = YES;
				INFOPLIST_KEY_UILaunchScreen_Generation = YES;
				INFOPLIST_KEY_UISupportedInterfaceOrientations_iPad = "UIInterfaceOrientationPortrait UIInterfaceOrientationPortraitUpsideDown UIInterfaceOrientationLandscapeLeft UIInterfaceOrientationLandscapeRight";
				INFOPLIST_KEY_UISupportedInterfaceOrientations_iPhone = "UIInterfaceOrientationPortrait UIInterfaceOrientationLandscapeLeft UIInterfaceOrientationLandscapeRight";
				LD_RUNPATH_SEARCH_PATHS = (
					"$(inherited)",
					"@executable_path/Frameworks",
				);
				MARKETING_VERSION = 1.0;
				PRODUCT_BUNDLE_IDENTIFIER = com.fespinozacast.youtube.MovieCatalog;
				PRODUCT_NAME = "$(TARGET_NAME)";
				SWIFT_EMIT_LOC_STRINGS = YES;
				SWIFT_VERSION = 5.0;
				TARGETED_DEVICE_FAMILY = "1,2";
			};
			name = Release;
		};
		9BDAC73C2D63D47E0044A76C /* Debug */ = {
			isa = XCBuildConfiguration;
			buildSettings = {
				BUNDLE_LOADER = "$(TEST_HOST)";
				CODE_SIGN_STYLE = Automatic;
				CURRENT_PROJECT_VERSION = 1;
				GENERATE_INFOPLIST_FILE = YES;
				MARKETING_VERSION = 1.0;
				PRODUCT_BUNDLE_IDENTIFIER = com.fespinozacast.youtube.MovieCatalogTests;
				PRODUCT_NAME = "$(TARGET_NAME)";
				SWIFT_EMIT_LOC_STRINGS = NO;
				SWIFT_VERSION = 5.0;
				TARGETED_DEVICE_FAMILY = "1,2";
				TEST_HOST = "$(BUILT_PRODUCTS_DIR)/MovieCatalog.app/$(BUNDLE_EXECUTABLE_FOLDER_PATH)/MovieCatalog";
			};
			name = Debug;
		};
		9BDAC73D2D63D47E0044A76C /* Release */ = {
			isa = XCBuildConfiguration;
			buildSettings = {
				BUNDLE_LOADER = "$(TEST_HOST)";
				CODE_SIGN_STYLE = Automatic;
				CURRENT_PROJECT_VERSION = 1;
				GENERATE_INFOPLIST_FILE = YES;
				MARKETING_VERSION = 1.0;
				PRODUCT_BUNDLE_IDENTIFIER = com.fespinozacast.youtube.MovieCatalogTests;
				PRODUCT_NAME = "$(TARGET_NAME)";
				SWIFT_EMIT_LOC_STRINGS = NO;
				SWIFT_VERSION = 5.0;
				TARGETED_DEVICE_FAMILY = "1,2";
				TEST_HOST = "$(BUILT_PRODUCTS_DIR)/MovieCatalog.app/$(BUNDLE_EXECUTABLE_FOLDER_PATH)/MovieCatalog";
			};
			name = Release;
		};
/* End XCBuildConfiguration section */

/* Begin XCConfigurationList section */
		9B7E94332D56A2D9002783BA /* Build configuration list for PBXProject "MovieCatalog" */ = {
			isa = XCConfigurationList;
			buildConfigurations = (
				9B7E94442D56A2DA002783BA /* Debug */,
				9B7E94452D56A2DA002783BA /* Release */,
			);
			defaultConfigurationIsVisible = 0;
			defaultConfigurationName = Release;
		};
		9B7E94462D56A2DA002783BA /* Build configuration list for PBXNativeTarget "MovieCatalog" */ = {
			isa = XCConfigurationList;
			buildConfigurations = (
				9B7E94472D56A2DA002783BA /* Debug */,
				9B7E94482D56A2DA002783BA /* Release */,
			);
			defaultConfigurationIsVisible = 0;
			defaultConfigurationName = Release;
		};
		9BDAC73E2D63D47E0044A76C /* Build configuration list for PBXNativeTarget "MovieCatalogTests" */ = {
			isa = XCConfigurationList;
			buildConfigurations = (
				9BDAC73C2D63D47E0044A76C /* Debug */,
				9BDAC73D2D63D47E0044A76C /* Release */,
			);
			defaultConfigurationIsVisible = 0;
			defaultConfigurationName = Release;
		};
/* End XCConfigurationList section */

/* Begin XCRemoteSwiftPackageReference section */
		9B7E945D2D56B19B002783BA /* XCRemoteSwiftPackageReference "swift-tagged" */ = {
			isa = XCRemoteSwiftPackageReference;
			repositoryURL = "https://github.com/pointfreeco/swift-tagged";
			requirement = {
				kind = upToNextMajorVersion;
				minimumVersion = 0.10.0;
			};
		};
/* End XCRemoteSwiftPackageReference section */

/* Begin XCSwiftPackageProductDependency section */
		9B51ECE52D9B1AD600619EFF /* MovieModels */ = {
			isa = XCSwiftPackageProductDependency;
			productName = MovieModels;
		};
		9B7E945E2D56B19B002783BA /* Tagged */ = {
			isa = XCSwiftPackageProductDependency;
			package = 9B7E945D2D56B19B002783BA /* XCRemoteSwiftPackageReference "swift-tagged" */;
			productName = Tagged;
		};
		9BA99A922D9B211F000BD406 /* MovieComponents */ = {
			isa = XCSwiftPackageProductDependency;
			productName = MovieComponents;
		};
		9BA99A942D9B2122000BD406 /* Navigation */ = {
			isa = XCSwiftPackageProductDependency;
			productName = Navigation;
		};
		9BA99A962D9B2126000BD406 /* Logging */ = {
			isa = XCSwiftPackageProductDependency;
			productName = Logging;
		};
		9BDAC7402D63D4850044A76C /* SnapshotTestingKit */ = {
			isa = XCSwiftPackageProductDependency;
			productName = SnapshotTestingKit;
		};
/* End XCSwiftPackageProductDependency section */
	};
	rootObject = 9B7E94302D56A2D9002783BA /* Project object */;
}
